// !$*UTF8*$!
{
	archiveVersion = 1;
	classes = {
	};
	objectVersion = 56;
	objects = {

/* Begin PBXBuildFile section */
		F220404B2A33CF8F009FD3A5 /* ToDoItem.swift in Sources */ = {isa = PBXBuildFile; fileRef = F220404A2A33CF8F009FD3A5 /* ToDoItem.swift */; };
		F24F50EF2A24D53D00D39DF1 /* AppDelegate.swift in Sources */ = {isa = PBXBuildFile; fileRef = F24F50EE2A24D53D00D39DF1 /* AppDelegate.swift */; };
		F24F50F12A24D53D00D39DF1 /* SceneDelegate.swift in Sources */ = {isa = PBXBuildFile; fileRef = F24F50F02A24D53D00D39DF1 /* SceneDelegate.swift */; };
		F24F50F32A24D53D00D39DF1 /* ToDoListScreen.swift in Sources */ = {isa = PBXBuildFile; fileRef = F24F50F22A24D53D00D39DF1 /* ToDoListScreen.swift */; };
		F24F50F92A24D53E00D39DF1 /* ToDo.xcdatamodeld in Sources */ = {isa = PBXBuildFile; fileRef = F24F50F72A24D53E00D39DF1 /* ToDo.xcdatamodeld */; };
		F24F50FB2A24D54100D39DF1 /* Assets.xcassets in Resources */ = {isa = PBXBuildFile; fileRef = F24F50FA2A24D54100D39DF1 /* Assets.xcassets */; };
		F24F50FE2A24D54100D39DF1 /* LaunchScreen.storyboard in Resources */ = {isa = PBXBuildFile; fileRef = F24F50FC2A24D54100D39DF1 /* LaunchScreen.storyboard */; };
		F25FACE82A2FA63C00905030 /* UIview+Ext.swift in Sources */ = {isa = PBXBuildFile; fileRef = F25FACE72A2FA63C00905030 /* UIview+Ext.swift */; };
		F25FACEB2A2FAA2400905030 /* ToDoCell.swift in Sources */ = {isa = PBXBuildFile; fileRef = F25FACEA2A2FAA2400905030 /* ToDoCell.swift */; };
/* End PBXBuildFile section */

/* Begin PBXFileReference section */
		F220404A2A33CF8F009FD3A5 /* ToDoItem.swift */ = {isa = PBXFileReference; lastKnownFileType = sourcecode.swift; path = ToDoItem.swift; sourceTree = "<group>"; };
		F24F50EB2A24D53D00D39DF1 /* ToDo.app */ = {isa = PBXFileReference; explicitFileType = wrapper.application; includeInIndex = 0; path = ToDo.app; sourceTree = BUILT_PRODUCTS_DIR; };
		F24F50EE2A24D53D00D39DF1 /* AppDelegate.swift */ = {isa = PBXFileReference; lastKnownFileType = sourcecode.swift; path = AppDelegate.swift; sourceTree = "<group>"; };
		F24F50F02A24D53D00D39DF1 /* SceneDelegate.swift */ = {isa = PBXFileReference; lastKnownFileType = sourcecode.swift; path = SceneDelegate.swift; sourceTree = "<group>"; };
		F24F50F22A24D53D00D39DF1 /* ToDoListScreen.swift */ = {isa = PBXFileReference; lastKnownFileType = sourcecode.swift; path = ToDoListScreen.swift; sourceTree = "<group>"; };
		F24F50F82A24D53E00D39DF1 /* ToDo.xcdatamodel */ = {isa = PBXFileReference; lastKnownFileType = wrapper.xcdatamodel; path = ToDo.xcdatamodel; sourceTree = "<group>"; };
		F24F50FA2A24D54100D39DF1 /* Assets.xcassets */ = {isa = PBXFileReference; lastKnownFileType = folder.assetcatalog; path = Assets.xcassets; sourceTree = "<group>"; };
		F24F50FD2A24D54100D39DF1 /* Base */ = {isa = PBXFileReference; lastKnownFileType = file.storyboard; name = Base; path = Base.lproj/LaunchScreen.storyboard; sourceTree = "<group>"; };
		F24F50FF2A24D54100D39DF1 /* Info.plist */ = {isa = PBXFileReference; lastKnownFileType = text.plist.xml; path = Info.plist; sourceTree = "<group>"; };
		F25FACE72A2FA63C00905030 /* UIview+Ext.swift */ = {isa = PBXFileReference; lastKnownFileType = sourcecode.swift; path = "UIview+Ext.swift"; sourceTree = "<group>"; };
		F25FACEA2A2FAA2400905030 /* ToDoCell.swift */ = {isa = PBXFileReference; lastKnownFileType = sourcecode.swift; path = ToDoCell.swift; sourceTree = "<group>"; };
/* End PBXFileReference section */

/* Begin PBXFrameworksBuildPhase section */
		F24F50E82A24D53D00D39DF1 /* Frameworks */ = {
			isa = PBXFrameworksBuildPhase;
			buildActionMask = 2147483647;
			files = (
			);
			runOnlyForDeploymentPostprocessing = 0;
		};
/* End PBXFrameworksBuildPhase section */

/* Begin PBXGroup section */
		F24F50E22A24D53D00D39DF1 = {
			isa = PBXGroup;
			children = (
				F24F50ED2A24D53D00D39DF1 /* ToDo */,
				F24F50EC2A24D53D00D39DF1 /* Products */,
			);
			sourceTree = "<group>";
		};
		F24F50EC2A24D53D00D39DF1 /* Products */ = {
			isa = PBXGroup;
			children = (
				F24F50EB2A24D53D00D39DF1 /* ToDo.app */,
			);
			name = Products;
			sourceTree = "<group>";
		};
		F24F50ED2A24D53D00D39DF1 /* ToDo */ = {
			isa = PBXGroup;
			children = (
				F25FACE62A2FA5F800905030 /* Extensions-Utilities */,
				F25FACE42A2FA53200905030 /* Views */,
				F25FACE92A2FA96700905030 /* Model */,
				F25FACE52A2FA55700905030 /* Supporting */,
				F24F50FF2A24D54100D39DF1 /* Info.plist */,
				F24F50F72A24D53E00D39DF1 /* ToDo.xcdatamodeld */,
			);
			path = ToDo;
			sourceTree = "<group>";
		};
		F25FACE42A2FA53200905030 /* Views */ = {
			isa = PBXGroup;
			children = (
				F24F50F22A24D53D00D39DF1 /* ToDoListScreen.swift */,
			);
			path = Views;
			sourceTree = "<group>";
		};
		F25FACE52A2FA55700905030 /* Supporting */ = {
			isa = PBXGroup;
			children = (
				F24F50EE2A24D53D00D39DF1 /* AppDelegate.swift */,
				F24F50F02A24D53D00D39DF1 /* SceneDelegate.swift */,
				F24F50FA2A24D54100D39DF1 /* Assets.xcassets */,
				F24F50FC2A24D54100D39DF1 /* LaunchScreen.storyboard */,
			);
			path = Supporting;
			sourceTree = "<group>";
		};
		F25FACE62A2FA5F800905030 /* Extensions-Utilities */ = {
			isa = PBXGroup;
			children = (
				F25FACE72A2FA63C00905030 /* UIview+Ext.swift */,
			);
			path = "Extensions-Utilities";
			sourceTree = "<group>";
		};
		F25FACE92A2FA96700905030 /* Model */ = {
			isa = PBXGroup;
			children = (
				F25FACEA2A2FAA2400905030 /* ToDoCell.swift */,
				F220404A2A33CF8F009FD3A5 /* ToDoItem.swift */,
			);
			path = Model;
			sourceTree = "<group>";
		};
/* End PBXGroup section */

/* Begin PBXNativeTarget section */
		F24F50EA2A24D53D00D39DF1 /* ToDo */ = {
			isa = PBXNativeTarget;
			buildConfigurationList = F24F51022A24D54100D39DF1 /* Build configuration list for PBXNativeTarget "ToDo" */;
			buildPhases = (
				F24F50E72A24D53D00D39DF1 /* Sources */,
				F24F50E82A24D53D00D39DF1 /* Frameworks */,
				F24F50E92A24D53D00D39DF1 /* Resources */,
			);
			buildRules = (
			);
			dependencies = (
			);
			name = ToDo;
			productName = ToDo;
			productReference = F24F50EB2A24D53D00D39DF1 /* ToDo.app */;
			productType = "com.apple.product-type.application";
		};
/* End PBXNativeTarget section */

/* Begin PBXProject section */
		F24F50E32A24D53D00D39DF1 /* Project object */ = {
			isa = PBXProject;
			attributes = {
				BuildIndependentTargetsInParallel = 1;
				LastSwiftUpdateCheck = 1430;
				LastUpgradeCheck = 1430;
				TargetAttributes = {
					F24F50EA2A24D53D00D39DF1 = {
						CreatedOnToolsVersion = 14.3;
					};
				};
			};
			buildConfigurationList = F24F50E62A24D53D00D39DF1 /* Build configuration list for PBXProject "ToDo" */;
			compatibilityVersion = "Xcode 14.0";
			developmentRegion = en;
			hasScannedForEncodings = 0;
			knownRegions = (
				en,
				Base,
			);
			mainGroup = F24F50E22A24D53D00D39DF1;
			productRefGroup = F24F50EC2A24D53D00D39DF1 /* Products */;
			projectDirPath = "";
			projectRoot = "";
			targets = (
				F24F50EA2A24D53D00D39DF1 /* ToDo */,
			);
		};
/* End PBXProject section */

/* Begin PBXResourcesBuildPhase section */
		F24F50E92A24D53D00D39DF1 /* Resources */ = {
			isa = PBXResourcesBuildPhase;
			buildActionMask = 2147483647;
			files = (
				F24F50FE2A24D54100D39DF1 /* LaunchScreen.storyboard in Resources */,
				F24F50FB2A24D54100D39DF1 /* Assets.xcassets in Resources */,
			);
			runOnlyForDeploymentPostprocessing = 0;
		};
/* End PBXResourcesBuildPhase section */

/* Begin PBXSourcesBuildPhase section */
		F24F50E72A24D53D00D39DF1 /* Sources */ = {
			isa = PBXSourcesBuildPhase;
			buildActionMask = 2147483647;
			files = (
				F25FACE82A2FA63C00905030 /* UIview+Ext.swift in Sources */,
				F25FACEB2A2FAA2400905030 /* ToDoCell.swift in Sources */,
				F220404B2A33CF8F009FD3A5 /* ToDoItem.swift in Sources */,
				F24F50F32A24D53D00D39DF1 /* ToDoListScreen.swift in Sources */,
				F24F50EF2A24D53D00D39DF1 /* AppDelegate.swift in Sources */,
				F24F50F12A24D53D00D39DF1 /* SceneDelegate.swift in Sources */,
				F24F50F92A24D53E00D39DF1 /* ToDo.xcdatamodeld in Sources */,
			);
			runOnlyForDeploymentPostprocessing = 0;
		};
/* End PBXSourcesBuildPhase section */

/* Begin PBXVariantGroup section */
		F24F50FC2A24D54100D39DF1 /* LaunchScreen.storyboard */ = {
			isa = PBXVariantGroup;
			children = (
				F24F50FD2A24D54100D39DF1 /* Base */,
			);
			name = LaunchScreen.storyboard;
			sourceTree = "<group>";
		};
/* End PBXVariantGroup section */

/* Begin XCBuildConfiguration section */
		F24F51002A24D54100D39DF1 /* Debug */ = {
			isa = XCBuildConfiguration;
			buildSettings = {
				ALWAYS_SEARCH_USER_PATHS = NO;
				CLANG_ANALYZER_NONNULL = YES;
				CLANG_ANALYZER_NUMBER_OBJECT_CONVERSION = YES_AGGRESSIVE;
				CLANG_CXX_LANGUAGE_STANDARD = "gnu++20";
				CLANG_ENABLE_MODULES = YES;
				CLANG_ENABLE_OBJC_ARC = YES;
				CLANG_ENABLE_OBJC_WEAK = YES;
				CLANG_WARN_BLOCK_CAPTURE_AUTORELEASING = YES;
				CLANG_WARN_BOOL_CONVERSION = YES;
				CLANG_WARN_COMMA = YES;
				CLANG_WARN_CONSTANT_CONVERSION = YES;
				CLANG_WARN_DEPRECATED_OBJC_IMPLEMENTATIONS = YES;
				CLANG_WARN_DIRECT_OBJC_ISA_USAGE = YES_ERROR;
				CLANG_WARN_DOCUMENTATION_COMMENTS = YES;
				CLANG_WARN_EMPTY_BODY = YES;
				CLANG_WARN_ENUM_CONVERSION = YES;
				CLANG_WARN_INFINITE_RECURSION = YES;
				CLANG_WARN_INT_CONVERSION = YES;
				CLANG_WARN_NON_LITERAL_NULL_CONVERSION = YES;
				CLANG_WARN_OBJC_IMPLICIT_RETAIN_SELF = YES;
				CLANG_WARN_OBJC_LITERAL_CONVERSION = YES;
				CLANG_WARN_OBJC_ROOT_CLASS = YES_ERROR;
				CLANG_WARN_QUOTED_INCLUDE_IN_FRAMEWORK_HEADER = YES;
				CLANG_WARN_RANGE_LOOP_ANALYSIS = YES;
				CLANG_WARN_STRICT_PROTOTYPES = YES;
				CLANG_WARN_SUSPICIOUS_MOVE = YES;
				CLANG_WARN_UNGUARDED_AVAILABILITY = YES_AGGRESSIVE;
				CLANG_WARN_UNREACHABLE_CODE = YES;
				CLANG_WARN__DUPLICATE_METHOD_MATCH = YES;
				COPY_PHASE_STRIP = NO;
				DEBUG_INFORMATION_FORMAT = dwarf;
				ENABLE_STRICT_OBJC_MSGSEND = YES;
				ENABLE_TESTABILITY = YES;
				GCC_C_LANGUAGE_STANDARD = gnu11;
				GCC_DYNAMIC_NO_PIC = NO;
				GCC_NO_COMMON_BLOCKS = YES;
				GCC_OPTIMIZATION_LEVEL = 0;
				GCC_PREPROCESSOR_DEFINITIONS = (
					"DEBUG=1",
					"$(inherited)",
				);
				GCC_WARN_64_TO_32_BIT_CONVERSION = YES;
				GCC_WARN_ABOUT_RETURN_TYPE = YES_ERROR;
				GCC_WARN_UNDECLARED_SELECTOR = YES;
				GCC_WARN_UNINITIALIZED_AUTOS = YES_AGGRESSIVE;
				GCC_WARN_UNUSED_FUNCTION = YES;
				GCC_WARN_UNUSED_VARIABLE = YES;
				IPHONEOS_DEPLOYMENT_TARGET = 16.4;
				MTL_ENABLE_DEBUG_INFO = INCLUDE_SOURCE;
				MTL_FAST_MATH = YES;
				ONLY_ACTIVE_ARCH = YES;
				SDKROOT = iphoneos;
				SWIFT_ACTIVE_COMPILATION_CONDITIONS = DEBUG;
				SWIFT_OPTIMIZATION_LEVEL = "-Onone";
			};
			name = Debug;
		};
		F24F51012A24D54100D39DF1 /* Release */ = {
			isa = XCBuildConfiguration;
			buildSettings = {
				ALWAYS_SEARCH_USER_PATHS = NO;
				CLANG_ANALYZER_NONNULL = YES;
				CLANG_ANALYZER_NUMBER_OBJECT_CONVERSION = YES_AGGRESSIVE;
				CLANG_CXX_LANGUAGE_STANDARD = "gnu++20";
				CLANG_ENABLE_MODULES = YES;
				CLANG_ENABLE_OBJC_ARC = YES;
				CLANG_ENABLE_OBJC_WEAK = YES;
				CLANG_WARN_BLOCK_CAPTURE_AUTORELEASING = YES;
				CLANG_WARN_BOOL_CONVERSION = YES;
				CLANG_WARN_COMMA = YES;
				CLANG_WARN_CONSTANT_CONVERSION = YES;
				CLANG_WARN_DEPRECATED_OBJC_IMPLEMENTATIONS = YES;
				CLANG_WARN_DIRECT_OBJC_ISA_USAGE = YES_ERROR;
				CLANG_WARN_DOCUMENTATION_COMMENTS = YES;
				CLANG_WARN_EMPTY_BODY = YES;
				CLANG_WARN_ENUM_CONVERSION = YES;
				CLANG_WARN_INFINITE_RECURSION = YES;
				CLANG_WARN_INT_CONVERSION = YES;
				CLANG_WARN_NON_LITERAL_NULL_CONVERSION = YES;
				CLANG_WARN_OBJC_IMPLICIT_RETAIN_SELF = YES;
				CLANG_WARN_OBJC_LITERAL_CONVERSION = YES;
				CLANG_WARN_OBJC_ROOT_CLASS = YES_ERROR;
				CLANG_WARN_QUOTED_INCLUDE_IN_FRAMEWORK_HEADER = YES;
				CLANG_WARN_RANGE_LOOP_ANALYSIS = YES;
				CLANG_WARN_STRICT_PROTOTYPES = YES;
				CLANG_WARN_SUSPICIOUS_MOVE = YES;
				CLANG_WARN_UNGUARDED_AVAILABILITY = YES_AGGRESSIVE;
				CLANG_WARN_UNREACHABLE_CODE = YES;
				CLANG_WARN__DUPLICATE_METHOD_MATCH = YES;
				COPY_PHASE_STRIP = NO;
				DEBUG_INFORMATION_FORMAT = "dwarf-with-dsym";
				ENABLE_NS_ASSERTIONS = NO;
				ENABLE_STRICT_OBJC_MSGSEND = YES;
				GCC_C_LANGUAGE_STANDARD = gnu11;
				GCC_NO_COMMON_BLOCKS = YES;
				GCC_WARN_64_TO_32_BIT_CONVERSION = YES;
				GCC_WARN_ABOUT_RETURN_TYPE = YES_ERROR;
				GCC_WARN_UNDECLARED_SELECTOR = YES;
				GCC_WARN_UNINITIALIZED_AUTOS = YES_AGGRESSIVE;
				GCC_WARN_UNUSED_FUNCTION = YES;
				GCC_WARN_UNUSED_VARIABLE = YES;
				IPHONEOS_DEPLOYMENT_TARGET = 16.4;
				MTL_ENABLE_DEBUG_INFO = NO;
				MTL_FAST_MATH = YES;
				SDKROOT = iphoneos;
				SWIFT_COMPILATION_MODE = wholemodule;
				SWIFT_OPTIMIZATION_LEVEL = "-O";
				VALIDATE_PRODUCT = YES;
			};
			name = Release;
		};
		F24F51032A24D54100D39DF1 /* Debug */ = {
			isa = XCBuildConfiguration;
			buildSettings = {
				ASSETCATALOG_COMPILER_APPICON_NAME = AppIcon;
				ASSETCATALOG_COMPILER_GLOBAL_ACCENT_COLOR_NAME = AccentColor;
				CODE_SIGN_STYLE = Automatic;
				CURRENT_PROJECT_VERSION = 1;
				DEVELOPMENT_TEAM = 236Z37X94C;
				GENERATE_INFOPLIST_FILE = YES;
				INFOPLIST_FILE = ToDo/Info.plist;
				INFOPLIST_KEY_UIApplicationSupportsIndirectInputEvents = YES;
				INFOPLIST_KEY_UILaunchStoryboardName = LaunchScreen;
				INFOPLIST_KEY_UISupportedInterfaceOrientations_iPad = "UIInterfaceOrientationPortrait UIInterfaceOrientationPortraitUpsideDown UIInterfaceOrientationLandscapeLeft UIInterfaceOrientationLandscapeRight";
				INFOPLIST_KEY_UISupportedInterfaceOrientations_iPhone = "UIInterfaceOrientationPortrait UIInterfaceOrientationLandscapeLeft UIInterfaceOrientationLandscapeRight";
				LD_RUNPATH_SEARCH_PATHS = (
					"$(inherited)",
					"@executable_path/Frameworks",
				);
				MARKETING_VERSION = 1.0;
				PRODUCT_BUNDLE_IDENTIFIER = com.alexanderkorepanov.ToDo;
				PRODUCT_NAME = "$(TARGET_NAME)";
				SWIFT_EMIT_LOC_STRINGS = YES;
				SWIFT_VERSION = 5.0;
				TARGETED_DEVICE_FAMILY = "1,2";
			};
			name = Debug;
		};
		F24F51042A24D54100D39DF1 /* Release */ = {
			isa = XCBuildConfiguration;
			buildSettings = {
				ASSETCATALOG_COMPILER_APPICON_NAME = AppIcon;
				ASSETCATALOG_COMPILER_GLOBAL_ACCENT_COLOR_NAME = AccentColor;
				CODE_SIGN_STYLE = Automatic;
				CURRENT_PROJECT_VERSION = 1;
				DEVELOPMENT_TEAM = 236Z37X94C;
				GENERATE_INFOPLIST_FILE = YES;
				INFOPLIST_FILE = ToDo/Info.plist;
				INFOPLIST_KEY_UIApplicationSupportsIndirectInputEvents = YES;
				INFOPLIST_KEY_UILaunchStoryboardName = LaunchScreen;
				INFOPLIST_KEY_UISupportedInterfaceOrientations_iPad = "UIInterfaceOrientationPortrait UIInterfaceOrientationPortraitUpsideDown UIInterfaceOrientationLandscapeLeft UIInterfaceOrientationLandscapeRight";
				INFOPLIST_KEY_UISupportedInterfaceOrientations_iPhone = "UIInterfaceOrientationPortrait UIInterfaceOrientationLandscapeLeft UIInterfaceOrientationLandscapeRight";
				LD_RUNPATH_SEARCH_PATHS = (
					"$(inherited)",
					"@executable_path/Frameworks",
				);
				MARKETING_VERSION = 1.0;
				PRODUCT_BUNDLE_IDENTIFIER = com.alexanderkorepanov.ToDo;
				PRODUCT_NAME = "$(TARGET_NAME)";
				SWIFT_EMIT_LOC_STRINGS = YES;
				SWIFT_VERSION = 5.0;
				TARGETED_DEVICE_FAMILY = "1,2";
			};
			name = Release;
		};
/* End XCBuildConfiguration section */

/* Begin XCConfigurationList section */
		F24F50E62A24D53D00D39DF1 /* Build configuration list for PBXProject "ToDo" */ = {
			isa = XCConfigurationList;
			buildConfigurations = (
				F24F51002A24D54100D39DF1 /* Debug */,
				F24F51012A24D54100D39DF1 /* Release */,
			);
			defaultConfigurationIsVisible = 0;
			defaultConfigurationName = Release;
		};
		F24F51022A24D54100D39DF1 /* Build configuration list for PBXNativeTarget "ToDo" */ = {
			isa = XCConfigurationList;
			buildConfigurations = (
				F24F51032A24D54100D39DF1 /* Debug */,
				F24F51042A24D54100D39DF1 /* Release */,
			);
			defaultConfigurationIsVisible = 0;
			defaultConfigurationName = Release;
		};
/* End XCConfigurationList section */

/* Begin XCVersionGroup section */
		F24F50F72A24D53E00D39DF1 /* ToDo.xcdatamodeld */ = {
			isa = XCVersionGroup;
			children = (
				F24F50F82A24D53E00D39DF1 /* ToDo.xcdatamodel */,
			);
			currentVersion = F24F50F82A24D53E00D39DF1 /* ToDo.xcdatamodel */;
			path = ToDo.xcdatamodeld;
			sourceTree = "<group>";
			versionGroupType = wrapper.xcdatamodel;
		};
/* End XCVersionGroup section */
	};
	rootObject = F24F50E32A24D53D00D39DF1 /* Project object */;
}
